
Microsoft Visual Studio Solution File, Format Version 12.00
# Visual Studio 2013
VisualStudioVersion = 12.0.30723.0
MinimumVisualStudioVersion = 10.0.40219.1
Project("{FAE04EC0-301F-11D3-BF4B-00C04F79EFBC}") = "Xenios.DataAccess", "Xenios.DataAccess\Xenios.DataAccess.csproj", "{4DDE9D11-1ECA-4517-B21A-B1714C85CAE0}"
EndProject
Project("{2150E333-8FDC-42A3-9474-1A3956D46DE8}") = "Tests", "Tests", "{EEDB815D-604C-48F4-9178-CDB0139375FE}"
EndProject
Project("{FAE04EC0-301F-11D3-BF4B-00C04F79EFBC}") = "Xenios.DataAccess.Tests", "Xenios.DataAccess.Tests\Xenios.DataAccess.Tests.csproj", "{86120A61-7118-48EE-AB4D-B8CC97B4A934}"
EndProject
Project("{FAE04EC0-301F-11D3-BF4B-00C04F79EFBC}") = "Xenios.DomainModels", "Xenios.DomainModels\Xenios.DomainModels.csproj", "{2C057155-539F-4F76-93D3-F04DBF4A5306}"
EndProject
Global
	GlobalSection(SolutionConfigurationPlatforms) = preSolution
		Debug|Any CPU = Debug|Any CPU
		Release|Any CPU = Release|Any CPU
	EndGlobalSection
	GlobalSection(ProjectConfigurationPlatforms) = postSolution
		{4DDE9D11-1ECA-4517-B21A-B1714C85CAE0}.Debug|Any CPU.ActiveCfg = Debug|Any CPU
		{4DDE9D11-1ECA-4517-B21A-B1714C85CAE0}.Debug|Any CPU.Build.0 = Debug|Any CPU
		{4DDE9D11-1ECA-4517-B21A-B1714C85CAE0}.Release|Any CPU.ActiveCfg = Release|Any CPU
		{4DDE9D11-1ECA-4517-B21A-B1714C85CAE0}.Release|Any CPU.Build.0 = Release|Any CPU
		{86120A61-7118-48EE-AB4D-B8CC97B4A934}.Debug|Any CPU.ActiveCfg = Debug|Any CPU
		{86120A61-7118-48EE-AB4D-B8CC97B4A934}.Debug|Any CPU.Build.0 = Debug|Any CPU
		{86120A61-7118-48EE-AB4D-B8CC97B4A934}.Release|Any CPU.ActiveCfg = Release|Any CPU
		{86120A61-7118-48EE-AB4D-B8CC97B4A934}.Release|Any CPU.Build.0 = Release|Any CPU
		{2C057155-539F-4F76-93D3-F04DBF4A5306}.Debug|Any CPU.ActiveCfg = Debug|Any CPU
		{2C057155-539F-4F76-93D3-F04DBF4A5306}.Debug|Any CPU.Build.0 = Debug|Any CPU
		{2C057155-539F-4F76-93D3-F04DBF4A5306}.Release|Any CPU.ActiveCfg = Release|Any CPU
		{2C057155-539F-4F76-93D3-F04DBF4A5306}.Release|Any CPU.Build.0 = Release|Any CPU
	EndGlobalSection
	GlobalSection(SolutionProperties) = preSolution
		HideSolutionNode = FALSE
	EndGlobalSection
	GlobalSection(NestedProjects) = preSolution
		{86120A61-7118-48EE-AB4D-B8CC97B4A934} = {EEDB815D-604C-48F4-9178-CDB0139375FE}
	EndGlobalSection
EndGlobal
